// !$*UTF8*$!
{
	archiveVersion = 1;
	classes = {
	};
	objectVersion = 55;
	objects = {

/* Begin PBXBuildFile section */
		75221A3A27E052B000C2B9A4 /* AppDelegate.swift in Sources */ = {isa = PBXBuildFile; fileRef = 75221A3927E052B000C2B9A4 /* AppDelegate.swift */; };
		75221A3C27E052B000C2B9A4 /* SceneDelegate.swift in Sources */ = {isa = PBXBuildFile; fileRef = 75221A3B27E052B000C2B9A4 /* SceneDelegate.swift */; };
		75221A4127E052B000C2B9A4 /* Main.storyboard in Resources */ = {isa = PBXBuildFile; fileRef = 75221A3F27E052B000C2B9A4 /* Main.storyboard */; };
		75221A4327E052B100C2B9A4 /* Assets.xcassets in Resources */ = {isa = PBXBuildFile; fileRef = 75221A4227E052B100C2B9A4 /* Assets.xcassets */; };
		75221A4627E052B100C2B9A4 /* LaunchScreen.storyboard in Resources */ = {isa = PBXBuildFile; fileRef = 75221A4427E052B100C2B9A4 /* LaunchScreen.storyboard */; };
		75221A5427E05E1800C2B9A4 /* OnboardingViewController.swift in Sources */ = {isa = PBXBuildFile; fileRef = 75221A5327E05E1800C2B9A4 /* OnboardingViewController.swift */; };
		75221A5727E061D700C2B9A4 /* UiViewExtension.swift in Sources */ = {isa = PBXBuildFile; fileRef = 75221A5627E061D700C2B9A4 /* UiViewExtension.swift */; };
		75221A5927E0641600C2B9A4 /* OnBoardingSlides.swift in Sources */ = {isa = PBXBuildFile; fileRef = 75221A5827E0641600C2B9A4 /* OnBoardingSlides.swift */; };
		75221A5B27E068FC00C2B9A4 /* OnBoardingCollectionViewCell.swift in Sources */ = {isa = PBXBuildFile; fileRef = 75221A5A27E068FC00C2B9A4 /* OnBoardingCollectionViewCell.swift */; };
/* End PBXBuildFile section */

/* Begin PBXFileReference section */
		75221A3627E052B000C2B9A4 /* Foody.app */ = {isa = PBXFileReference; explicitFileType = wrapper.application; includeInIndex = 0; path = Foody.app; sourceTree = BUILT_PRODUCTS_DIR; };
		75221A3927E052B000C2B9A4 /* AppDelegate.swift */ = {isa = PBXFileReference; lastKnownFileType = sourcecode.swift; path = AppDelegate.swift; sourceTree = "<group>"; };
		75221A3B27E052B000C2B9A4 /* SceneDelegate.swift */ = {isa = PBXFileReference; lastKnownFileType = sourcecode.swift; path = SceneDelegate.swift; sourceTree = "<group>"; };
		75221A4027E052B000C2B9A4 /* Base */ = {isa = PBXFileReference; lastKnownFileType = file.storyboard; name = Base; path = Base.lproj/Main.storyboard; sourceTree = "<group>"; };
		75221A4227E052B100C2B9A4 /* Assets.xcassets */ = {isa = PBXFileReference; lastKnownFileType = folder.assetcatalog; path = Assets.xcassets; sourceTree = "<group>"; };
		75221A4527E052B100C2B9A4 /* Base */ = {isa = PBXFileReference; lastKnownFileType = file.storyboard; name = Base; path = Base.lproj/LaunchScreen.storyboard; sourceTree = "<group>"; };
		75221A4727E052B100C2B9A4 /* Info.plist */ = {isa = PBXFileReference; lastKnownFileType = text.plist.xml; path = Info.plist; sourceTree = "<group>"; };
		75221A5327E05E1800C2B9A4 /* OnboardingViewController.swift */ = {isa = PBXFileReference; lastKnownFileType = sourcecode.swift; path = OnboardingViewController.swift; sourceTree = "<group>"; };
		75221A5627E061D700C2B9A4 /* UiViewExtension.swift */ = {isa = PBXFileReference; lastKnownFileType = sourcecode.swift; path = UiViewExtension.swift; sourceTree = "<group>"; };
		75221A5827E0641600C2B9A4 /* OnBoardingSlides.swift */ = {isa = PBXFileReference; lastKnownFileType = sourcecode.swift; path = OnBoardingSlides.swift; sourceTree = "<group>"; };
		75221A5A27E068FC00C2B9A4 /* OnBoardingCollectionViewCell.swift */ = {isa = PBXFileReference; lastKnownFileType = sourcecode.swift; path = OnBoardingCollectionViewCell.swift; sourceTree = "<group>"; };
/* End PBXFileReference section */

/* Begin PBXFrameworksBuildPhase section */
		75221A3327E052B000C2B9A4 /* Frameworks */ = {
			isa = PBXFrameworksBuildPhase;
			buildActionMask = 2147483647;
			files = (
			);
			runOnlyForDeploymentPostprocessing = 0;
		};
/* End PBXFrameworksBuildPhase section */

/* Begin PBXGroup section */
		75221A2D27E052B000C2B9A4 = {
			isa = PBXGroup;
			children = (
				75221A3827E052B000C2B9A4 /* Foody */,
				75221A3727E052B000C2B9A4 /* Products */,
			);
			sourceTree = "<group>";
		};
		75221A3727E052B000C2B9A4 /* Products */ = {
			isa = PBXGroup;
			children = (
				75221A3627E052B000C2B9A4 /* Foody.app */,
			);
			name = Products;
			sourceTree = "<group>";
		};
		75221A3827E052B000C2B9A4 /* Foody */ = {
			isa = PBXGroup;
			children = (
				75221A5527E061BD00C2B9A4 /* Extensions */,
				75221A5127E052E000C2B9A4 /* Controllers */,
				75221A5027E052D100C2B9A4 /* Resources */,
				75221A4F27E052CC00C2B9A4 /* Model */,
				75221A4E27E052C300C2B9A4 /* Views */,
				75221A4D27E052B700C2B9A4 /* Managers */,
				75221A4727E052B100C2B9A4 /* Info.plist */,
			);
			path = Foody;
			sourceTree = "<group>";
		};
		75221A4D27E052B700C2B9A4 /* Managers */ = {
			isa = PBXGroup;
			children = (
				75221A3927E052B000C2B9A4 /* AppDelegate.swift */,
				75221A3B27E052B000C2B9A4 /* SceneDelegate.swift */,
			);
			path = Managers;
			sourceTree = "<group>";
		};
		75221A4E27E052C300C2B9A4 /* Views */ = {
			isa = PBXGroup;
			children = (
				75221A3F27E052B000C2B9A4 /* Main.storyboard */,
			);
			path = Views;
			sourceTree = "<group>";
		};
		75221A4F27E052CC00C2B9A4 /* Model */ = {
			isa = PBXGroup;
			children = (
				75221A5827E0641600C2B9A4 /* OnBoardingSlides.swift */,
			);
			path = Model;
			sourceTree = "<group>";
		};
		75221A5027E052D100C2B9A4 /* Resources */ = {
			isa = PBXGroup;
			children = (
				75221A4227E052B100C2B9A4 /* Assets.xcassets */,
				75221A4427E052B100C2B9A4 /* LaunchScreen.storyboard */,
			);
			path = Resources;
			sourceTree = "<group>";
		};
		75221A5127E052E000C2B9A4 /* Controllers */ = {
			isa = PBXGroup;
			children = (
				75221A5227E05E0200C2B9A4 /* Onboarding */,
			);
			path = Controllers;
			sourceTree = "<group>";
		};
		75221A5227E05E0200C2B9A4 /* Onboarding */ = {
			isa = PBXGroup;
			children = (
				75221A5327E05E1800C2B9A4 /* OnboardingViewController.swift */,
				75221A5A27E068FC00C2B9A4 /* OnBoardingCollectionViewCell.swift */,
			);
			path = Onboarding;
			sourceTree = "<group>";
		};
		75221A5527E061BD00C2B9A4 /* Extensions */ = {
			isa = PBXGroup;
			children = (
				75221A5627E061D700C2B9A4 /* UiViewExtension.swift */,
			);
			path = Extensions;
			sourceTree = "<group>";
		};
/* End PBXGroup section */

/* Begin PBXNativeTarget section */
		75221A3527E052B000C2B9A4 /* Foody */ = {
			isa = PBXNativeTarget;
			buildConfigurationList = 75221A4A27E052B100C2B9A4 /* Build configuration list for PBXNativeTarget "Foody" */;
			buildPhases = (
				75221A3227E052B000C2B9A4 /* Sources */,
				75221A3327E052B000C2B9A4 /* Frameworks */,
				75221A3427E052B000C2B9A4 /* Resources */,
			);
			buildRules = (
			);
			dependencies = (
			);
			name = Foody;
			productName = Foody;
			productReference = 75221A3627E052B000C2B9A4 /* Foody.app */;
			productType = "com.apple.product-type.application";
		};
/* End PBXNativeTarget section */

/* Begin PBXProject section */
		75221A2E27E052B000C2B9A4 /* Project object */ = {
			isa = PBXProject;
			attributes = {
				BuildIndependentTargetsInParallel = 1;
				LastSwiftUpdateCheck = 1320;
				LastUpgradeCheck = 1320;
				TargetAttributes = {
					75221A3527E052B000C2B9A4 = {
						CreatedOnToolsVersion = 13.2.1;
					};
				};
			};
			buildConfigurationList = 75221A3127E052B000C2B9A4 /* Build configuration list for PBXProject "Foody" */;
			compatibilityVersion = "Xcode 13.0";
			developmentRegion = en;
			hasScannedForEncodings = 0;
			knownRegions = (
				en,
				Base,
			);
			mainGroup = 75221A2D27E052B000C2B9A4;
			productRefGroup = 75221A3727E052B000C2B9A4 /* Products */;
			projectDirPath = "";
			projectRoot = "";
			targets = (
				75221A3527E052B000C2B9A4 /* Foody */,
			);
		};
/* End PBXProject section */

/* Begin PBXResourcesBuildPhase section */
		75221A3427E052B000C2B9A4 /* Resources */ = {
			isa = PBXResourcesBuildPhase;
			buildActionMask = 2147483647;
			files = (
				75221A4627E052B100C2B9A4 /* LaunchScreen.storyboard in Resources */,
				75221A4327E052B100C2B9A4 /* Assets.xcassets in Resources */,
				75221A4127E052B000C2B9A4 /* Main.storyboard in Resources */,
			);
			runOnlyForDeploymentPostprocessing = 0;
		};
/* End PBXResourcesBuildPhase section */

/* Begin PBXSourcesBuildPhase section */
		75221A3227E052B000C2B9A4 /* Sources */ = {
			isa = PBXSourcesBuildPhase;
			buildActionMask = 2147483647;
			files = (
				75221A3A27E052B000C2B9A4 /* AppDelegate.swift in Sources */,
				75221A5927E0641600C2B9A4 /* OnBoardingSlides.swift in Sources */,
				75221A3C27E052B000C2B9A4 /* SceneDelegate.swift in Sources */,
				75221A5B27E068FC00C2B9A4 /* OnBoardingCollectionViewCell.swift in Sources */,
				75221A5727E061D700C2B9A4 /* UiViewExtension.swift in Sources */,
				75221A5427E05E1800C2B9A4 /* OnboardingViewController.swift in Sources */,
			);
			runOnlyForDeploymentPostprocessing = 0;
		};
/* End PBXSourcesBuildPhase section */

/* Begin PBXVariantGroup section */
		75221A3F27E052B000C2B9A4 /* Main.storyboard */ = {
			isa = PBXVariantGroup;
			children = (
				75221A4027E052B000C2B9A4 /* Base */,
			);
			name = Main.storyboard;
			sourceTree = "<group>";
		};
		75221A4427E052B100C2B9A4 /* LaunchScreen.storyboard */ = {
			isa = PBXVariantGroup;
			children = (
				75221A4527E052B100C2B9A4 /* Base */,
			);
			name = LaunchScreen.storyboard;
			sourceTree = "<group>";
		};
/* End PBXVariantGroup section */

/* Begin XCBuildConfiguration section */
		75221A4827E052B100C2B9A4 /* Debug */ = {
			isa = XCBuildConfiguration;
			buildSettings = {
				ALWAYS_SEARCH_USER_PATHS = NO;
				CLANG_ANALYZER_NONNULL = YES;
				CLANG_ANALYZER_NUMBER_OBJECT_CONVERSION = YES_AGGRESSIVE;
				CLANG_CXX_LANGUAGE_STANDARD = "gnu++17";
				CLANG_CXX_LIBRARY = "libc++";
				CLANG_ENABLE_MODULES = YES;
				CLANG_ENABLE_OBJC_ARC = YES;
				CLANG_ENABLE_OBJC_WEAK = YES;
				CLANG_WARN_BLOCK_CAPTURE_AUTORELEASING = YES;
				CLANG_WARN_BOOL_CONVERSION = YES;
				CLANG_WARN_COMMA = YES;
				CLANG_WARN_CONSTANT_CONVERSION = YES;
				CLANG_WARN_DEPRECATED_OBJC_IMPLEMENTATIONS = YES;
				CLANG_WARN_DIRECT_OBJC_ISA_USAGE = YES_ERROR;
				CLANG_WARN_DOCUMENTATION_COMMENTS = YES;
				CLANG_WARN_EMPTY_BODY = YES;
				CLANG_WARN_ENUM_CONVERSION = YES;
				CLANG_WARN_INFINITE_RECURSION = YES;
				CLANG_WARN_INT_CONVERSION = YES;
				CLANG_WARN_NON_LITERAL_NULL_CONVERSION = YES;
				CLANG_WARN_OBJC_IMPLICIT_RETAIN_SELF = YES;
				CLANG_WARN_OBJC_LITERAL_CONVERSION = YES;
				CLANG_WARN_OBJC_ROOT_CLASS = YES_ERROR;
				CLANG_WARN_QUOTED_INCLUDE_IN_FRAMEWORK_HEADER = YES;
				CLANG_WARN_RANGE_LOOP_ANALYSIS = YES;
				CLANG_WARN_STRICT_PROTOTYPES = YES;
				CLANG_WARN_SUSPICIOUS_MOVE = YES;
				CLANG_WARN_UNGUARDED_AVAILABILITY = YES_AGGRESSIVE;
				CLANG_WARN_UNREACHABLE_CODE = YES;
				CLANG_WARN__DUPLICATE_METHOD_MATCH = YES;
				COPY_PHASE_STRIP = NO;
				DEBUG_INFORMATION_FORMAT = dwarf;
				ENABLE_STRICT_OBJC_MSGSEND = YES;
				ENABLE_TESTABILITY = YES;
				GCC_C_LANGUAGE_STANDARD = gnu11;
				GCC_DYNAMIC_NO_PIC = NO;
				GCC_NO_COMMON_BLOCKS = YES;
				GCC_OPTIMIZATION_LEVEL = 0;
				GCC_PREPROCESSOR_DEFINITIONS = (
					"DEBUG=1",
					"$(inherited)",
				);
				GCC_WARN_64_TO_32_BIT_CONVERSION = YES;
				GCC_WARN_ABOUT_RETURN_TYPE = YES_ERROR;
				GCC_WARN_UNDECLARED_SELECTOR = YES;
				GCC_WARN_UNINITIALIZED_AUTOS = YES_AGGRESSIVE;
				GCC_WARN_UNUSED_FUNCTION = YES;
				GCC_WARN_UNUSED_VARIABLE = YES;
				IPHONEOS_DEPLOYMENT_TARGET = 15.2;
				MTL_ENABLE_DEBUG_INFO = INCLUDE_SOURCE;
				MTL_FAST_MATH = YES;
				ONLY_ACTIVE_ARCH = YES;
				SDKROOT = iphoneos;
				SWIFT_ACTIVE_COMPILATION_CONDITIONS = DEBUG;
				SWIFT_OPTIMIZATION_LEVEL = "-Onone";
			};
			name = Debug;
		};
		75221A4927E052B100C2B9A4 /* Release */ = {
			isa = XCBuildConfiguration;
			buildSettings = {
				ALWAYS_SEARCH_USER_PATHS = NO;
				CLANG_ANALYZER_NONNULL = YES;
				CLANG_ANALYZER_NUMBER_OBJECT_CONVERSION = YES_AGGRESSIVE;
				CLANG_CXX_LANGUAGE_STANDARD = "gnu++17";
				CLANG_CXX_LIBRARY = "libc++";
				CLANG_ENABLE_MODULES = YES;
				CLANG_ENABLE_OBJC_ARC = YES;
				CLANG_ENABLE_OBJC_WEAK = YES;
				CLANG_WARN_BLOCK_CAPTURE_AUTORELEASING = YES;
				CLANG_WARN_BOOL_CONVERSION = YES;
				CLANG_WARN_COMMA = YES;
				CLANG_WARN_CONSTANT_CONVERSION = YES;
				CLANG_WARN_DEPRECATED_OBJC_IMPLEMENTATIONS = YES;
				CLANG_WARN_DIRECT_OBJC_ISA_USAGE = YES_ERROR;
				CLANG_WARN_DOCUMENTATION_COMMENTS = YES;
				CLANG_WARN_EMPTY_BODY = YES;
				CLANG_WARN_ENUM_CONVERSION = YES;
				CLANG_WARN_INFINITE_RECURSION = YES;
				CLANG_WARN_INT_CONVERSION = YES;
				CLANG_WARN_NON_LITERAL_NULL_CONVERSION = YES;
				CLANG_WARN_OBJC_IMPLICIT_RETAIN_SELF = YES;
				CLANG_WARN_OBJC_LITERAL_CONVERSION = YES;
				CLANG_WARN_OBJC_ROOT_CLASS = YES_ERROR;
				CLANG_WARN_QUOTED_INCLUDE_IN_FRAMEWORK_HEADER = YES;
				CLANG_WARN_RANGE_LOOP_ANALYSIS = YES;
				CLANG_WARN_STRICT_PROTOTYPES = YES;
				CLANG_WARN_SUSPICIOUS_MOVE = YES;
				CLANG_WARN_UNGUARDED_AVAILABILITY = YES_AGGRESSIVE;
				CLANG_WARN_UNREACHABLE_CODE = YES;
				CLANG_WARN__DUPLICATE_METHOD_MATCH = YES;
				COPY_PHASE_STRIP = NO;
				DEBUG_INFORMATION_FORMAT = "dwarf-with-dsym";
				ENABLE_NS_ASSERTIONS = NO;
				ENABLE_STRICT_OBJC_MSGSEND = YES;
				GCC_C_LANGUAGE_STANDARD = gnu11;
				GCC_NO_COMMON_BLOCKS = YES;
				GCC_WARN_64_TO_32_BIT_CONVERSION = YES;
				GCC_WARN_ABOUT_RETURN_TYPE = YES_ERROR;
				GCC_WARN_UNDECLARED_SELECTOR = YES;
				GCC_WARN_UNINITIALIZED_AUTOS = YES_AGGRESSIVE;
				GCC_WARN_UNUSED_FUNCTION = YES;
				GCC_WARN_UNUSED_VARIABLE = YES;
				IPHONEOS_DEPLOYMENT_TARGET = 15.2;
				MTL_ENABLE_DEBUG_INFO = NO;
				MTL_FAST_MATH = YES;
				SDKROOT = iphoneos;
				SWIFT_COMPILATION_MODE = wholemodule;
				SWIFT_OPTIMIZATION_LEVEL = "-O";
				VALIDATE_PRODUCT = YES;
			};
			name = Release;
		};
		75221A4B27E052B100C2B9A4 /* Debug */ = {
			isa = XCBuildConfiguration;
			buildSettings = {
				ASSETCATALOG_COMPILER_APPICON_NAME = AppIcon;
				ASSETCATALOG_COMPILER_GLOBAL_ACCENT_COLOR_NAME = AccentColor;
				CODE_SIGN_STYLE = Automatic;
				CURRENT_PROJECT_VERSION = 1;
				DEVELOPMENT_TEAM = U2YFMPU5ZC;
				GENERATE_INFOPLIST_FILE = YES;
				INFOPLIST_FILE = Foody/Info.plist;
				INFOPLIST_KEY_UIApplicationSupportsIndirectInputEvents = YES;
				INFOPLIST_KEY_UILaunchStoryboardName = LaunchScreen;
				INFOPLIST_KEY_UIMainStoryboardFile = Main;
				INFOPLIST_KEY_UISupportedInterfaceOrientations_iPad = "UIInterfaceOrientationPortrait UIInterfaceOrientationPortraitUpsideDown UIInterfaceOrientationLandscapeLeft UIInterfaceOrientationLandscapeRight";
				INFOPLIST_KEY_UISupportedInterfaceOrientations_iPhone = "UIInterfaceOrientationPortrait UIInterfaceOrientationLandscapeLeft UIInterfaceOrientationLandscapeRight";
				LD_RUNPATH_SEARCH_PATHS = (
					"$(inherited)",
					"@executable_path/Frameworks",
				);
				MARKETING_VERSION = 1.0;
				PRODUCT_BUNDLE_IDENTIFIER = com.techbuddies.Foody;
				PRODUCT_NAME = "$(TARGET_NAME)";
				SWIFT_EMIT_LOC_STRINGS = YES;
				SWIFT_VERSION = 5.0;
				TARGETED_DEVICE_FAMILY = "1,2";
			};
			name = Debug;
		};
		75221A4C27E052B100C2B9A4 /* Release */ = {
			isa = XCBuildConfiguration;
			buildSettings = {
				ASSETCATALOG_COMPILER_APPICON_NAME = AppIcon;
				ASSETCATALOG_COMPILER_GLOBAL_ACCENT_COLOR_NAME = AccentColor;
				CODE_SIGN_STYLE = Automatic;
				CURRENT_PROJECT_VERSION = 1;
				DEVELOPMENT_TEAM = U2YFMPU5ZC;
				GENERATE_INFOPLIST_FILE = YES;
				INFOPLIST_FILE = Foody/Info.plist;
				INFOPLIST_KEY_UIApplicationSupportsIndirectInputEvents = YES;
				INFOPLIST_KEY_UILaunchStoryboardName = LaunchScreen;
				INFOPLIST_KEY_UIMainStoryboardFile = Main;
				INFOPLIST_KEY_UISupportedInterfaceOrientations_iPad = "UIInterfaceOrientationPortrait UIInterfaceOrientationPortraitUpsideDown UIInterfaceOrientationLandscapeLeft UIInterfaceOrientationLandscapeRight";
				INFOPLIST_KEY_UISupportedInterfaceOrientations_iPhone = "UIInterfaceOrientationPortrait UIInterfaceOrientationLandscapeLeft UIInterfaceOrientationLandscapeRight";
				LD_RUNPATH_SEARCH_PATHS = (
					"$(inherited)",
					"@executable_path/Frameworks",
				);
				MARKETING_VERSION = 1.0;
				PRODUCT_BUNDLE_IDENTIFIER = com.techbuddies.Foody;
				PRODUCT_NAME = "$(TARGET_NAME)";
				SWIFT_EMIT_LOC_STRINGS = YES;
				SWIFT_VERSION = 5.0;
				TARGETED_DEVICE_FAMILY = "1,2";
			};
			name = Release;
		};
/* End XCBuildConfiguration section */

/* Begin XCConfigurationList section */
		75221A3127E052B000C2B9A4 /* Build configuration list for PBXProject "Foody" */ = {
			isa = XCConfigurationList;
			buildConfigurations = (
				75221A4827E052B100C2B9A4 /* Debug */,
				75221A4927E052B100C2B9A4 /* Release */,
			);
			defaultConfigurationIsVisible = 0;
			defaultConfigurationName = Release;
		};
		75221A4A27E052B100C2B9A4 /* Build configuration list for PBXNativeTarget "Foody" */ = {
			isa = XCConfigurationList;
			buildConfigurations = (
				75221A4B27E052B100C2B9A4 /* Debug */,
				75221A4C27E052B100C2B9A4 /* Release */,
			);
			defaultConfigurationIsVisible = 0;
			defaultConfigurationName = Release;
		};
/* End XCConfigurationList section */
	};
	rootObject = 75221A2E27E052B000C2B9A4 /* Project object */;
}
